
Microsoft Visual Studio Solution File, Format Version 12.00
# Visual Studio Version 17
VisualStudioVersion = 17.14.36414.22
MinimumVisualStudioVersion = 10.0.40219.1
Project("{FAE04EC0-301F-11D3-BF4B-00C04F79EFBC}") = "Service_Layer", "Service_Layer\Service_Layer.csproj", "{06F6E2A4-9949-42DA-99A2-06360E24FCE2}"
EndProject
Project("{FAE04EC0-301F-11D3-BF4B-00C04F79EFBC}") = "Data_Layer", "Data_Layer\Data_Layer.csproj", "{FBB9E138-6513-4E79-AE89-9DD3024514BE}"
EndProject
Project("{FAE04EC0-301F-11D3-BF4B-00C04F79EFBC}") = "Tillo-Technical-Test-Solution", "Tillo-Technical-Test-Solution\Tillo-Technical-Test-Solution.csproj", "{CF2173C4-7456-4AEE-817D-5515B8D17A31}"
EndProject
Project("{FAE04EC0-301F-11D3-BF4B-00C04F79EFBC}") = "Repository_Layer", "Repository_Layer\Repository_Layer.csproj", "{9EBF7AB6-297E-43BC-8016-B8C38C979B5E}"
EndProject
Global
	GlobalSection(SolutionConfigurationPlatforms) = preSolution
		Debug|Any CPU = Debug|Any CPU
		Release|Any CPU = Release|Any CPU
	EndGlobalSection
	GlobalSection(ProjectConfigurationPlatforms) = postSolution
		{06F6E2A4-9949-42DA-99A2-06360E24FCE2}.Debug|Any CPU.ActiveCfg = Debug|Any CPU
		{06F6E2A4-9949-42DA-99A2-06360E24FCE2}.Debug|Any CPU.Build.0 = Debug|Any CPU
		{06F6E2A4-9949-42DA-99A2-06360E24FCE2}.Release|Any CPU.ActiveCfg = Release|Any CPU
		{06F6E2A4-9949-42DA-99A2-06360E24FCE2}.Release|Any CPU.Build.0 = Release|Any CPU
		{FBB9E138-6513-4E79-AE89-9DD3024514BE}.Debug|Any CPU.ActiveCfg = Debug|Any CPU
		{FBB9E138-6513-4E79-AE89-9DD3024514BE}.Debug|Any CPU.Build.0 = Debug|Any CPU
		{FBB9E138-6513-4E79-AE89-9DD3024514BE}.Release|Any CPU.ActiveCfg = Release|Any CPU
		{FBB9E138-6513-4E79-AE89-9DD3024514BE}.Release|Any CPU.Build.0 = Release|Any CPU
		{CF2173C4-7456-4AEE-817D-5515B8D17A31}.Debug|Any CPU.ActiveCfg = Debug|Any CPU
		{CF2173C4-7456-4AEE-817D-5515B8D17A31}.Debug|Any CPU.Build.0 = Debug|Any CPU
		{CF2173C4-7456-4AEE-817D-5515B8D17A31}.Release|Any CPU.ActiveCfg = Release|Any CPU
		{CF2173C4-7456-4AEE-817D-5515B8D17A31}.Release|Any CPU.Build.0 = Release|Any CPU
		{9EBF7AB6-297E-43BC-8016-B8C38C979B5E}.Debug|Any CPU.ActiveCfg = Debug|Any CPU
		{9EBF7AB6-297E-43BC-8016-B8C38C979B5E}.Debug|Any CPU.Build.0 = Debug|Any CPU
		{9EBF7AB6-297E-43BC-8016-B8C38C979B5E}.Release|Any CPU.ActiveCfg = Release|Any CPU
		{9EBF7AB6-297E-43BC-8016-B8C38C979B5E}.Release|Any CPU.Build.0 = Release|Any CPU
	EndGlobalSection
	GlobalSection(SolutionProperties) = preSolution
		HideSolutionNode = FALSE
	EndGlobalSection
	GlobalSection(ExtensibilityGlobals) = postSolution
		SolutionGuid = {4C11ADB8-EE2C-4616-867E-1B7942B091EB}
	EndGlobalSection
EndGlobal
