
Microsoft Visual Studio Solution File, Format Version 12.00
# Visual Studio Version 17
VisualStudioVersion = 17.14.36414.22 d17.14
MinimumVisualStudioVersion = 10.0.40219.1
Project("{FAE04EC0-301F-11D3-BF4B-00C04F79EFBC}") = "Tillo-Technical-Test", "Tillo-Technical-Test\Tillo-Technical-Test.csproj", "{B3E1BD5E-A4FB-4472-A246-23ECDE73579A}"
EndProject
Global
	GlobalSection(SolutionConfigurationPlatforms) = preSolution
		Debug|Any CPU = Debug|Any CPU
		Release|Any CPU = Release|Any CPU
	EndGlobalSection
	GlobalSection(ProjectConfigurationPlatforms) = postSolution
		{B3E1BD5E-A4FB-4472-A246-23ECDE73579A}.Debug|Any CPU.ActiveCfg = Debug|Any CPU
		{B3E1BD5E-A4FB-4472-A246-23ECDE73579A}.Debug|Any CPU.Build.0 = Debug|Any CPU
		{B3E1BD5E-A4FB-4472-A246-23ECDE73579A}.Release|Any CPU.ActiveCfg = Release|Any CPU
		{B3E1BD5E-A4FB-4472-A246-23ECDE73579A}.Release|Any CPU.Build.0 = Release|Any CPU
	EndGlobalSection
	GlobalSection(SolutionProperties) = preSolution
		HideSolutionNode = FALSE
	EndGlobalSection
	GlobalSection(ExtensibilityGlobals) = postSolution
		SolutionGuid = {4C11ADB8-EE2C-4616-867E-1B7942B091EB}
	EndGlobalSection
EndGlobal
